# THIS IS AN AUTOGENERATED FILE. DO NOT EDIT THIS FILE DIRECTLY.
# yarn lockfile v1


"@slidev/parser@^0.47.4":
  version "0.47.5"
  resolved "https://registry.yarnpkg.com/@slidev/parser/-/parser-0.47.5.tgz#55b77d43e169d9536aaec821b3198d26ad8758fd"
  integrity sha512-KvqOEhIFuMDu8CjAsehMNKlAnnmAn2TRHiEymc3CMadid05oWa5zgTxqEyMxUl2rjWpYs3A1yDiendZsGYs3HA==
  dependencies:
    "@slidev/types" "0.47.5"
    js-yaml "^4.1.0"

"@slidev/types@0.47.5":
  version "0.47.5"
  resolved "https://registry.yarnpkg.com/@slidev/types/-/types-0.47.5.tgz#53715dfabf25aa54893dfaa8de5d67027bdd6370"
  integrity sha512-X67V4cCgM0Sz50bP8GbVzmiL8DHC2IXvdKcsN7DlxHyf+/T4d9GveeGukwha5Fx3MuYeGZWKag7TFL2ZY4w54A==

argparse@^2.0.1:
  version "2.0.1"
  resolved "https://registry.yarnpkg.com/argparse/-/argparse-2.0.1.tgz#246f50f3ca78a3240f6c997e8a9bd1eac49e4b38"
  integrity sha512-8+9WqebbFzpX9OR+Wa6O29asIogeRMzcGtAINdpMHHyAg10f05aSFVBbcEqGf/PXw1EjAZ+q2/bEBg3DvurK3Q==

js-yaml@^4.1.0:
  version "4.1.1"
  resolved "https://registry.yarnpkg.com/js-yaml/-/js-yaml-4.1.1.tgz#854c292467705b699476e1a2decc0c8a3458806b"
  integrity sha512-qQKT4zQxXl8lLwBtHMWwaTcGfFOZviOJet3Oy/xmGk2gZH677CJM9EvtfdSkgWcATZhj/55JZ0rmy3myCT5lsA==
  dependencies:
    argparse "^2.0.1"

prettier-plugin-slidev@^1.0.5:
  version "1.0.5"
  resolved "https://registry.yarnpkg.com/prettier-plugin-slidev/-/prettier-plugin-slidev-1.0.5.tgz#4d9583903e63ba8c9b0e677003ea5ea562ffeeb5"
  integrity sha512-1xaKzOAX17QAcn1roUgQIAfeio3HPYYefCgzxh6Bzk+5rJJxq0I8HUhLrUyv9nCpIP6e9CDv/yDQSdEeqqRUuA==
  dependencies:
    "@slidev/parser" "^0.47.4"

prettier@^3.7.4:
  version "3.7.4"
  resolved "https://registry.yarnpkg.com/prettier/-/prettier-3.7.4.tgz#d2f8335d4b1cec47e1c8098645411b0c9dff9c0f"
  integrity sha512-v6UNi1+3hSlVvv8fSaoUbggEM5VErKmmpGA7Pl3HF8V6uKY7rvClBOJlH6yNwQtfTueNkGVpOv/mtWL9L4bgRA==
